
Microsoft Visual Studio Solution File, Format Version 12.00
# Visual Studio Version 16
VisualStudioVersion = 16.0.30104.148
MinimumVisualStudioVersion = 10.0.40219.1
Project("{9A19103F-16F7-4668-BE54-9A1E7A4F7556}") = "Net3Factorial", "prjCoreRT\Net3Factorial.csproj", "{356203AF-53F8-4DC5-AF57-DCF06C308FF7}"
EndProject
Project("{9A19103F-16F7-4668-BE54-9A1E7A4F7556}") = "WebApplication1", "WebApplication1\WebApplication1.csproj", "{2CD4FC78-B906-425B-963C-2A1AB138F80C}"
EndProject
Global
	GlobalSection(SolutionConfigurationPlatforms) = preSolution
		Debug|Any CPU = Debug|Any CPU
		Release|Any CPU = Release|Any CPU
	EndGlobalSection
	GlobalSection(ProjectConfigurationPlatforms) = postSolution
		{356203AF-53F8-4DC5-AF57-DCF06C308FF7}.Debug|Any CPU.ActiveCfg = Debug|Any CPU
		{356203AF-53F8-4DC5-AF57-DCF06C308FF7}.Debug|Any CPU.Build.0 = Debug|Any CPU
		{356203AF-53F8-4DC5-AF57-DCF06C308FF7}.Release|Any CPU.ActiveCfg = Release|Any CPU
		{356203AF-53F8-4DC5-AF57-DCF06C308FF7}.Release|Any CPU.Build.0 = Release|Any CPU
		{2CD4FC78-B906-425B-963C-2A1AB138F80C}.Debug|Any CPU.ActiveCfg = Debug|Any CPU
		{2CD4FC78-B906-425B-963C-2A1AB138F80C}.Debug|Any CPU.Build.0 = Debug|Any CPU
		{2CD4FC78-B906-425B-963C-2A1AB138F80C}.Release|Any CPU.ActiveCfg = Release|Any CPU
		{2CD4FC78-B906-425B-963C-2A1AB138F80C}.Release|Any CPU.Build.0 = Release|Any CPU
	EndGlobalSection
	GlobalSection(SolutionProperties) = preSolution
		HideSolutionNode = FALSE
	EndGlobalSection
	GlobalSection(ExtensibilityGlobals) = postSolution
		SolutionGuid = {A841A0F9-0B8C-4289-8EFD-FB8C6C617266}
	EndGlobalSection
EndGlobal
